{
  "name": "iwh",
  "version": "1.0.0",
  "lockfileVersion": 1,
  "requires": true,
  "dependencies": {
    "rapydscript": {
      "version": "0.5.60",
      "resolved": "https://registry.npmjs.org/rapydscript/-/rapydscript-0.5.60.tgz",
      "integrity": "sha512-vjurSN0t4wEGHhqZ3m/rp7airzjHWf+HXTKM9HSefaQHmB2fL1VhIVM6uEyuijVodrssx9b1YNKC2beBjxauKQ=="
    }
  }
}
